
Microsoft Visual Studio Solution File, Format Version 12.00
# Visual Studio Version 17
VisualStudioVersion = 17.4.33122.133
MinimumVisualStudioVersion = 10.0.40219.1
Project("{9A19103F-16F7-4668-BE54-9A1E7A4F7556}") = "BulkyBookWeb", "BulkyBookWeb\BulkyBookWeb.csproj", "{15699CE7-2306-4EF8-9525-60B009467A26}"
EndProject
Project("{FAE04EC0-301F-11D3-BF4B-00C04F79EFBC}") = "BulkyBook.DataAccess", "BulkyBook.DataAccess\BulkyBook.DataAccess.csproj", "{848A45C8-9EB5-4CB8-B6E2-1B992707031D}"
EndProject
Project("{FAE04EC0-301F-11D3-BF4B-00C04F79EFBC}") = "BulkyBook.Models", "BulkyBook.Models\BulkyBook.Models.csproj", "{37222A95-7615-45BD-B80B-280077ADC251}"
EndProject
Project("{FAE04EC0-301F-11D3-BF4B-00C04F79EFBC}") = "BulkyBook.Utility", "BulkyBook.Utility\BulkyBook.Utility.csproj", "{B044887E-8A33-441E-907E-0110F5E7C18D}"
EndProject
Global
	GlobalSection(SolutionConfigurationPlatforms) = preSolution
		Debug|Any CPU = Debug|Any CPU
		Release|Any CPU = Release|Any CPU
	EndGlobalSection
	GlobalSection(ProjectConfigurationPlatforms) = postSolution
		{15699CE7-2306-4EF8-9525-60B009467A26}.Debug|Any CPU.ActiveCfg = Debug|Any CPU
		{15699CE7-2306-4EF8-9525-60B009467A26}.Debug|Any CPU.Build.0 = Debug|Any CPU
		{15699CE7-2306-4EF8-9525-60B009467A26}.Release|Any CPU.ActiveCfg = Release|Any CPU
		{15699CE7-2306-4EF8-9525-60B009467A26}.Release|Any CPU.Build.0 = Release|Any CPU
		{848A45C8-9EB5-4CB8-B6E2-1B992707031D}.Debug|Any CPU.ActiveCfg = Debug|Any CPU
		{848A45C8-9EB5-4CB8-B6E2-1B992707031D}.Debug|Any CPU.Build.0 = Debug|Any CPU
		{848A45C8-9EB5-4CB8-B6E2-1B992707031D}.Release|Any CPU.ActiveCfg = Release|Any CPU
		{848A45C8-9EB5-4CB8-B6E2-1B992707031D}.Release|Any CPU.Build.0 = Release|Any CPU
		{37222A95-7615-45BD-B80B-280077ADC251}.Debug|Any CPU.ActiveCfg = Debug|Any CPU
		{37222A95-7615-45BD-B80B-280077ADC251}.Debug|Any CPU.Build.0 = Debug|Any CPU
		{37222A95-7615-45BD-B80B-280077ADC251}.Release|Any CPU.ActiveCfg = Release|Any CPU
		{37222A95-7615-45BD-B80B-280077ADC251}.Release|Any CPU.Build.0 = Release|Any CPU
		{B044887E-8A33-441E-907E-0110F5E7C18D}.Debug|Any CPU.ActiveCfg = Debug|Any CPU
		{B044887E-8A33-441E-907E-0110F5E7C18D}.Debug|Any CPU.Build.0 = Debug|Any CPU
		{B044887E-8A33-441E-907E-0110F5E7C18D}.Release|Any CPU.ActiveCfg = Release|Any CPU
		{B044887E-8A33-441E-907E-0110F5E7C18D}.Release|Any CPU.Build.0 = Release|Any CPU
	EndGlobalSection
	GlobalSection(SolutionProperties) = preSolution
		HideSolutionNode = FALSE
	EndGlobalSection
	GlobalSection(ExtensibilityGlobals) = postSolution
		SolutionGuid = {9494F527-28C5-41B1-B44B-EC65390263BA}
	EndGlobalSection
EndGlobal
